
Microsoft Visual Studio Solution File, Format Version 12.00
# Visual Studio Version 16
VisualStudioVersion = 16.0.29709.97
MinimumVisualStudioVersion = 10.0.40219.1
Project("{FAE04EC0-301F-11D3-BF4B-00C04F79EFBC}") = "AG.ToDoList.Entities", "AG.ToDoList.Entities\AG.ToDoList.Entities.csproj", "{70BC2839-B77F-4DF1-9BFC-90879047147B}"
EndProject
Project("{2150E333-8FDC-42A3-9474-1A3956D46DE8}") = "Common", "Common", "{C2B6ACD7-F858-411B-8F63-794CB427AE2D}"
EndProject
Project("{FAE04EC0-301F-11D3-BF4B-00C04F79EFBC}") = "AG.ToDoList.DAL.Interfaces", "AG.ToDoList.DAL.Interfaces\AG.ToDoList.DAL.Interfaces.csproj", "{E54C0FBA-44DD-4A30-B9A7-4A8476820589}"
EndProject
Project("{2150E333-8FDC-42A3-9474-1A3956D46DE8}") = "DAL", "DAL", "{87205A1D-000E-41D8-8FA8-C65FA4CD28C6}"
EndProject
Project("{FAE04EC0-301F-11D3-BF4B-00C04F79EFBC}") = "AG.ToDoList.DAL", "AG.ToDoList.DAL\AG.ToDoList.DAL.csproj", "{42983CD2-00AD-42A6-9AD9-DCD5137FE195}"
EndProject
Project("{FAE04EC0-301F-11D3-BF4B-00C04F79EFBC}") = "AG.ToDoList.FakeDataBase", "AG.ToDoList.FakeDataBase\AG.ToDoList.FakeDataBase.csproj", "{3303F524-0BE4-4FC2-B9FA-978A310F3D9A}"
EndProject
Project("{2150E333-8FDC-42A3-9474-1A3956D46DE8}") = "BLL", "BLL", "{CC77D791-3CA4-49BA-ABA6-E726FFA34D63}"
EndProject
Project("{FAE04EC0-301F-11D3-BF4B-00C04F79EFBC}") = "AG.ToDoList.BLL.Interfaces", "AG.ToDoList.BLL.Interfaces\AG.ToDoList.BLL.Interfaces.csproj", "{584ECD2E-B211-4060-A832-78ABDCDF725C}"
EndProject
Project("{FAE04EC0-301F-11D3-BF4B-00C04F79EFBC}") = "AG.ToDoList.BLL", "AG.ToDoList.BLL\AG.ToDoList.BLL.csproj", "{0A3E89EA-964D-4A9E-AED2-A5F4C5252454}"
EndProject
Project("{2150E333-8FDC-42A3-9474-1A3956D46DE8}") = "PL", "PL", "{F7E063EB-E280-44CB-8FC8-FEE73EC4F3CF}"
EndProject
Project("{FAE04EC0-301F-11D3-BF4B-00C04F79EFBC}") = "AG.ToDoList.IoC", "AG.ToDoList.IoC\AG.ToDoList.IoC.csproj", "{216FF8D5-F6CF-4781-8AB4-90E0925ECD0C}"
EndProject
Project("{FAE04EC0-301F-11D3-BF4B-00C04F79EFBC}") = "AG.ToDoList.PL.ConsoleUI", "AG.ToDoList.PL.ConsoleUI\AG.ToDoList.PL.ConsoleUI.csproj", "{AA7CEAB9-0680-4601-9394-EF5D37D858B6}"
EndProject
Global
	GlobalSection(SolutionConfigurationPlatforms) = preSolution
		Debug|Any CPU = Debug|Any CPU
		Release|Any CPU = Release|Any CPU
	EndGlobalSection
	GlobalSection(ProjectConfigurationPlatforms) = postSolution
		{70BC2839-B77F-4DF1-9BFC-90879047147B}.Debug|Any CPU.ActiveCfg = Debug|Any CPU
		{70BC2839-B77F-4DF1-9BFC-90879047147B}.Debug|Any CPU.Build.0 = Debug|Any CPU
		{70BC2839-B77F-4DF1-9BFC-90879047147B}.Release|Any CPU.ActiveCfg = Release|Any CPU
		{70BC2839-B77F-4DF1-9BFC-90879047147B}.Release|Any CPU.Build.0 = Release|Any CPU
		{E54C0FBA-44DD-4A30-B9A7-4A8476820589}.Debug|Any CPU.ActiveCfg = Debug|Any CPU
		{E54C0FBA-44DD-4A30-B9A7-4A8476820589}.Debug|Any CPU.Build.0 = Debug|Any CPU
		{E54C0FBA-44DD-4A30-B9A7-4A8476820589}.Release|Any CPU.ActiveCfg = Release|Any CPU
		{E54C0FBA-44DD-4A30-B9A7-4A8476820589}.Release|Any CPU.Build.0 = Release|Any CPU
		{42983CD2-00AD-42A6-9AD9-DCD5137FE195}.Debug|Any CPU.ActiveCfg = Debug|Any CPU
		{42983CD2-00AD-42A6-9AD9-DCD5137FE195}.Debug|Any CPU.Build.0 = Debug|Any CPU
		{42983CD2-00AD-42A6-9AD9-DCD5137FE195}.Release|Any CPU.ActiveCfg = Release|Any CPU
		{42983CD2-00AD-42A6-9AD9-DCD5137FE195}.Release|Any CPU.Build.0 = Release|Any CPU
		{3303F524-0BE4-4FC2-B9FA-978A310F3D9A}.Debug|Any CPU.ActiveCfg = Debug|Any CPU
		{3303F524-0BE4-4FC2-B9FA-978A310F3D9A}.Debug|Any CPU.Build.0 = Debug|Any CPU
		{3303F524-0BE4-4FC2-B9FA-978A310F3D9A}.Release|Any CPU.ActiveCfg = Release|Any CPU
		{3303F524-0BE4-4FC2-B9FA-978A310F3D9A}.Release|Any CPU.Build.0 = Release|Any CPU
		{584ECD2E-B211-4060-A832-78ABDCDF725C}.Debug|Any CPU.ActiveCfg = Debug|Any CPU
		{584ECD2E-B211-4060-A832-78ABDCDF725C}.Debug|Any CPU.Build.0 = Debug|Any CPU
		{584ECD2E-B211-4060-A832-78ABDCDF725C}.Release|Any CPU.ActiveCfg = Release|Any CPU
		{584ECD2E-B211-4060-A832-78ABDCDF725C}.Release|Any CPU.Build.0 = Release|Any CPU
		{0A3E89EA-964D-4A9E-AED2-A5F4C5252454}.Debug|Any CPU.ActiveCfg = Debug|Any CPU
		{0A3E89EA-964D-4A9E-AED2-A5F4C5252454}.Debug|Any CPU.Build.0 = Debug|Any CPU
		{0A3E89EA-964D-4A9E-AED2-A5F4C5252454}.Release|Any CPU.ActiveCfg = Release|Any CPU
		{0A3E89EA-964D-4A9E-AED2-A5F4C5252454}.Release|Any CPU.Build.0 = Release|Any CPU
		{216FF8D5-F6CF-4781-8AB4-90E0925ECD0C}.Debug|Any CPU.ActiveCfg = Debug|Any CPU
		{216FF8D5-F6CF-4781-8AB4-90E0925ECD0C}.Debug|Any CPU.Build.0 = Debug|Any CPU
		{216FF8D5-F6CF-4781-8AB4-90E0925ECD0C}.Release|Any CPU.ActiveCfg = Release|Any CPU
		{216FF8D5-F6CF-4781-8AB4-90E0925ECD0C}.Release|Any CPU.Build.0 = Release|Any CPU
		{AA7CEAB9-0680-4601-9394-EF5D37D858B6}.Debug|Any CPU.ActiveCfg = Debug|Any CPU
		{AA7CEAB9-0680-4601-9394-EF5D37D858B6}.Debug|Any CPU.Build.0 = Debug|Any CPU
		{AA7CEAB9-0680-4601-9394-EF5D37D858B6}.Release|Any CPU.ActiveCfg = Release|Any CPU
		{AA7CEAB9-0680-4601-9394-EF5D37D858B6}.Release|Any CPU.Build.0 = Release|Any CPU
	EndGlobalSection
	GlobalSection(SolutionProperties) = preSolution
		HideSolutionNode = FALSE
	EndGlobalSection
	GlobalSection(NestedProjects) = preSolution
		{70BC2839-B77F-4DF1-9BFC-90879047147B} = {C2B6ACD7-F858-411B-8F63-794CB427AE2D}
		{E54C0FBA-44DD-4A30-B9A7-4A8476820589} = {87205A1D-000E-41D8-8FA8-C65FA4CD28C6}
		{42983CD2-00AD-42A6-9AD9-DCD5137FE195} = {87205A1D-000E-41D8-8FA8-C65FA4CD28C6}
		{3303F524-0BE4-4FC2-B9FA-978A310F3D9A} = {C2B6ACD7-F858-411B-8F63-794CB427AE2D}
		{584ECD2E-B211-4060-A832-78ABDCDF725C} = {CC77D791-3CA4-49BA-ABA6-E726FFA34D63}
		{0A3E89EA-964D-4A9E-AED2-A5F4C5252454} = {CC77D791-3CA4-49BA-ABA6-E726FFA34D63}
		{216FF8D5-F6CF-4781-8AB4-90E0925ECD0C} = {C2B6ACD7-F858-411B-8F63-794CB427AE2D}
		{AA7CEAB9-0680-4601-9394-EF5D37D858B6} = {F7E063EB-E280-44CB-8FC8-FEE73EC4F3CF}
	EndGlobalSection
	GlobalSection(ExtensibilityGlobals) = postSolution
		SolutionGuid = {48FC0012-06D0-4E22-9132-63292040C344}
	EndGlobalSection
EndGlobal
